
Microsoft Visual Studio Solution File, Format Version 12.00
# Visual Studio Version 17
VisualStudioVersion = 17.9.34701.34
MinimumVisualStudioVersion = 10.0.40219.1
Project("{9A19103F-16F7-4668-BE54-9A1E7A4F7556}") = "Week5Closed", "Week5Closed.csproj", "{C9854263-EC32-4E89-8D3D-767A54EC5243}"
EndProject
Project("{2150E333-8FDC-42A3-9474-1A3956D46DE8}") = "Solution Items", "Solution Items", "{CEA7AC4D-E205-4943-A34F-6170BDC3B132}"
	ProjectSection(SolutionItems) = preProject
		Readme.md = Readme.md
	EndProjectSection
EndProject
Global
	GlobalSection(SolutionConfigurationPlatforms) = preSolution
		Debug|Any CPU = Debug|Any CPU
		Release|Any CPU = Release|Any CPU
	EndGlobalSection
	GlobalSection(ProjectConfigurationPlatforms) = postSolution
		{C9854263-EC32-4E89-8D3D-767A54EC5243}.Debug|Any CPU.ActiveCfg = Debug|Any CPU
		{C9854263-EC32-4E89-8D3D-767A54EC5243}.Debug|Any CPU.Build.0 = Debug|Any CPU
		{C9854263-EC32-4E89-8D3D-767A54EC5243}.Release|Any CPU.ActiveCfg = Release|Any CPU
		{C9854263-EC32-4E89-8D3D-767A54EC5243}.Release|Any CPU.Build.0 = Release|Any CPU
	EndGlobalSection
	GlobalSection(SolutionProperties) = preSolution
		HideSolutionNode = FALSE
	EndGlobalSection
	GlobalSection(ExtensibilityGlobals) = postSolution
		SolutionGuid = {9815182A-6A0E-4C85-8BB5-59B19963BA24}
	EndGlobalSection
EndGlobal
